# THIS IS AN AUTOGENERATED FILE. DO NOT EDIT THIS FILE DIRECTLY.
# yarn lockfile v1


"@babel/polyfill@7.0.0-beta.44":
  version "7.0.0-beta.44"
  resolved "https://registry.yarnpkg.com/@babel/polyfill/-/polyfill-7.0.0-beta.44.tgz#6bbcddebd8f28f1040b9a78fdac7dc515356e5dc"
  dependencies:
    core-js "^2.5.3"
    regenerator-runtime "^0.11.1"

"@babel/polyfill@^7.0.0-beta.55":
  version "7.0.0-beta.56"
  resolved "https://registry.yarnpkg.com/@babel/polyfill/-/polyfill-7.0.0-beta.56.tgz#6942d474d0e9cee7124477df11e97ba192764919"
  dependencies:
    core-js "^2.5.7"
    regenerator-runtime "^0.11.1"

"@types/md5@^2.1.32":
  version "2.1.32"
  resolved "https://registry.yarnpkg.com/@types/md5/-/md5-2.1.32.tgz#93e23437fcd17a7b9ca98d02aa6002e835842fe8"
  dependencies:
    "@types/node" "*"

"@types/node@*":
  version "10.5.7"
  resolved "https://registry.yarnpkg.com/@types/node/-/node-10.5.7.tgz#960d9feb3ade2233bcc9843c918d740b4f78a7cf"

base64-js@^1.0.2:
  version "1.3.0"
  resolved "https://registry.yarnpkg.com/base64-js/-/base64-js-1.3.0.tgz#cab1e6118f051095e58b5281aea8c1cd22bfc0e3"

buffer@^5.0.6:
  version "5.2.0"
  resolved "https://registry.yarnpkg.com/buffer/-/buffer-5.2.0.tgz#53cf98241100099e9eeae20ee6d51d21b16e541e"
  dependencies:
    base64-js "^1.0.2"
    ieee754 "^1.1.4"

cacheability@^2.0.4:
  version "2.0.4"
  resolved "https://registry.yarnpkg.com/cacheability/-/cacheability-2.0.4.tgz#5b65ad603041cc8767c3435708cac6e803b0fbf3"
  dependencies:
    "@babel/polyfill" "7.0.0-beta.44"

charenc@~0.0.1:
  version "0.0.2"
  resolved "https://registry.yarnpkg.com/charenc/-/charenc-0.0.2.tgz#c0a1d2f3a7092e03774bfa83f14c0fc5790a8667"

core-js@^2.5.3, core-js@^2.5.7:
  version "2.5.7"
  resolved "https://registry.yarnpkg.com/core-js/-/core-js-2.5.7.tgz#f972608ff0cead68b841a16a932d0b183791814e"

crypt@~0.0.1:
  version "0.0.2"
  resolved "https://registry.yarnpkg.com/crypt/-/crypt-0.0.2.tgz#88d7ff7ec0dfb86f713dc87bbb42d044d3e6c41b"

ieee754@^1.1.4:
  version "1.1.12"
  resolved "https://registry.yarnpkg.com/ieee754/-/ieee754-1.1.12.tgz#50bf24e5b9c8bb98af4964c941cdb0918da7b60b"

is-buffer@~1.1.1:
  version "1.1.6"
  resolved "https://registry.yarnpkg.com/is-buffer/-/is-buffer-1.1.6.tgz#efaa2ea9daa0d7ab2ea13a97b2b8ad51fefbe8be"

md5@^2.2.1:
  version "2.2.1"
  resolved "https://registry.yarnpkg.com/md5/-/md5-2.2.1.tgz#53ab38d5fe3c8891ba465329ea23fac0540126f9"
  dependencies:
    charenc "~0.0.1"
    crypt "~0.0.1"
    is-buffer "~1.1.1"

object-sizeof@^1.2.0:
  version "1.2.0"
  resolved "https://registry.yarnpkg.com/object-sizeof/-/object-sizeof-1.2.0.tgz#66397c923768939d2fc6d2a3930a981e1c7fa68b"
  dependencies:
    buffer "^5.0.6"

regenerator-runtime@^0.11.1:
  version "0.11.1"
  resolved "https://registry.yarnpkg.com/regenerator-runtime/-/regenerator-runtime-0.11.1.tgz#be05ad7f9bf7d22e056f9726cee5017fbf19e2e9"
